
Microsoft Visual Studio Solution File, Format Version 12.00
# Visual Studio Version 17
VisualStudioVersion = 17.6.33829.357
MinimumVisualStudioVersion = 10.0.40219.1
Project("{888888A0-9F3D-457C-B088-3A5042F75D52}") = "ProcessDataTorqueSensor", "ProcessDataTorqueSensor\ProcessDataTorqueSensor.pyproj", "{7BF09F73-1C33-49EE-8497-D4BB1DE76D63}"
EndProject
Global
	GlobalSection(SolutionConfigurationPlatforms) = preSolution
		Debug|Any CPU = Debug|Any CPU
		Release|Any CPU = Release|Any CPU
	EndGlobalSection
	GlobalSection(ProjectConfigurationPlatforms) = postSolution
		{7BF09F73-1C33-49EE-8497-D4BB1DE76D63}.Debug|Any CPU.ActiveCfg = Debug|Any CPU
		{7BF09F73-1C33-49EE-8497-D4BB1DE76D63}.Release|Any CPU.ActiveCfg = Release|Any CPU
	EndGlobalSection
	GlobalSection(SolutionProperties) = preSolution
		HideSolutionNode = FALSE
	EndGlobalSection
	GlobalSection(ExtensibilityGlobals) = postSolution
		SolutionGuid = {0A520F9E-65E8-4154-A846-0C3A52C0F2FB}
	EndGlobalSection
EndGlobal
